// !$*UTF8*$!
{
	archiveVersion = 1;
	classes = {
	};
	objectVersion = 48;
	objects = {

/* Begin PBXBuildFile section */
		71AEBA89214861F900D6FF08 /* EHuliUke.mp3 in Resources */ = {isa = PBXBuildFile; fileRef = 71AEBA87214861F900D6FF08 /* EHuliUke.mp3 */; };
		71AEBA8A214861F900D6FF08 /* PizzaMovie.mp4 in Resources */ = {isa = PBXBuildFile; fileRef = 71AEBA88214861F900D6FF08 /* PizzaMovie.mp4 */; };
		71AEBA94214865F700D6FF08 /* MakePizza_1.jpg in Resources */ = {isa = PBXBuildFile; fileRef = 71AEBA8C214865F500D6FF08 /* MakePizza_1.jpg */; };
		71AEBA95214865F700D6FF08 /* MakePizza_2.jpg in Resources */ = {isa = PBXBuildFile; fileRef = 71AEBA8D214865F500D6FF08 /* MakePizza_2.jpg */; };
		71AEBA96214865F700D6FF08 /* MakePizza_5.jpg in Resources */ = {isa = PBXBuildFile; fileRef = 71AEBA8E214865F600D6FF08 /* MakePizza_5.jpg */; };
		71AEBA97214865F700D6FF08 /* MakePizza_0.gif in Resources */ = {isa = PBXBuildFile; fileRef = 71AEBA8F214865F600D6FF08 /* MakePizza_0.gif */; };
		71AEBA98214865F700D6FF08 /* MakePizza_3.jpg in Resources */ = {isa = PBXBuildFile; fileRef = 71AEBA90214865F600D6FF08 /* MakePizza_3.jpg */; };
		71AEBA99214865F700D6FF08 /* MakePizza_4.jpg in Resources */ = {isa = PBXBuildFile; fileRef = 71AEBA91214865F600D6FF08 /* MakePizza_4.jpg */; };
		71AEBA9A214865F700D6FF08 /* MakePizza_0.jpg in Resources */ = {isa = PBXBuildFile; fileRef = 71AEBA92214865F700D6FF08 /* MakePizza_0.jpg */; };
		71AEBA9B214865F700D6FF08 /* MakePizza_6.jpg in Resources */ = {isa = PBXBuildFile; fileRef = 71AEBA93214865F700D6FF08 /* MakePizza_6.jpg */; };
		71E280D92148172A00FFEE78 /* AppDelegate.swift in Sources */ = {isa = PBXBuildFile; fileRef = 71E280D82148172A00FFEE78 /* AppDelegate.swift */; };
		71E280DB2148172A00FFEE78 /* ViewController.swift in Sources */ = {isa = PBXBuildFile; fileRef = 71E280DA2148172A00FFEE78 /* ViewController.swift */; };
		71E280DE2148172A00FFEE78 /* Main.storyboard in Resources */ = {isa = PBXBuildFile; fileRef = 71E280DC2148172A00FFEE78 /* Main.storyboard */; };
		71E280E02148172A00FFEE78 /* Assets.xcassets in Resources */ = {isa = PBXBuildFile; fileRef = 71E280DF2148172A00FFEE78 /* Assets.xcassets */; };
		71E280E32148172A00FFEE78 /* LaunchScreen.storyboard in Resources */ = {isa = PBXBuildFile; fileRef = 71E280E12148172A00FFEE78 /* LaunchScreen.storyboard */; };
		71E280EE2148172A00FFEE78 /* EricMcCrackenPizzaNotificationTests.swift in Sources */ = {isa = PBXBuildFile; fileRef = 71E280ED2148172A00FFEE78 /* EricMcCrackenPizzaNotificationTests.swift */; };
/* End PBXBuildFile section */

/* Begin PBXContainerItemProxy section */
		71E280EA2148172A00FFEE78 /* PBXContainerItemProxy */ = {
			isa = PBXContainerItemProxy;
			containerPortal = 71E280CD2148172A00FFEE78 /* Project object */;
			proxyType = 1;
			remoteGlobalIDString = 71E280D42148172A00FFEE78;
			remoteInfo = EricMcCrackenPizzaNotification;
		};
/* End PBXContainerItemProxy section */

/* Begin PBXFileReference section */
		71AEBA87214861F900D6FF08 /* EHuliUke.mp3 */ = {isa = PBXFileReference; lastKnownFileType = audio.mp3; path = EHuliUke.mp3; sourceTree = "<group>"; };
		71AEBA88214861F900D6FF08 /* PizzaMovie.mp4 */ = {isa = PBXFileReference; lastKnownFileType = file; path = PizzaMovie.mp4; sourceTree = "<group>"; };
		71AEBA8C214865F500D6FF08 /* MakePizza_1.jpg */ = {isa = PBXFileReference; lastKnownFileType = image.jpeg; path = MakePizza_1.jpg; sourceTree = "<group>"; };
		71AEBA8D214865F500D6FF08 /* MakePizza_2.jpg */ = {isa = PBXFileReference; lastKnownFileType = image.jpeg; path = MakePizza_2.jpg; sourceTree = "<group>"; };
		71AEBA8E214865F600D6FF08 /* MakePizza_5.jpg */ = {isa = PBXFileReference; lastKnownFileType = image.jpeg; path = MakePizza_5.jpg; sourceTree = "<group>"; };
		71AEBA8F214865F600D6FF08 /* MakePizza_0.gif */ = {isa = PBXFileReference; lastKnownFileType = image.gif; path = MakePizza_0.gif; sourceTree = "<group>"; };
		71AEBA90214865F600D6FF08 /* MakePizza_3.jpg */ = {isa = PBXFileReference; lastKnownFileType = image.jpeg; path = MakePizza_3.jpg; sourceTree = "<group>"; };
		71AEBA91214865F600D6FF08 /* MakePizza_4.jpg */ = {isa = PBXFileReference; lastKnownFileType = image.jpeg; path = MakePizza_4.jpg; sourceTree = "<group>"; };
		71AEBA92214865F700D6FF08 /* MakePizza_0.jpg */ = {isa = PBXFileReference; lastKnownFileType = image.jpeg; path = MakePizza_0.jpg; sourceTree = "<group>"; };
		71AEBA93214865F700D6FF08 /* MakePizza_6.jpg */ = {isa = PBXFileReference; lastKnownFileType = image.jpeg; path = MakePizza_6.jpg; sourceTree = "<group>"; };
		71E280D52148172A00FFEE78 /* EricMcCrackenPizzaNotification.app */ = {isa = PBXFileReference; explicitFileType = wrapper.application; includeInIndex = 0; path = EricMcCrackenPizzaNotification.app; sourceTree = BUILT_PRODUCTS_DIR; };
		71E280D82148172A00FFEE78 /* AppDelegate.swift */ = {isa = PBXFileReference; lastKnownFileType = sourcecode.swift; path = AppDelegate.swift; sourceTree = "<group>"; };
		71E280DA2148172A00FFEE78 /* ViewController.swift */ = {isa = PBXFileReference; lastKnownFileType = sourcecode.swift; path = ViewController.swift; sourceTree = "<group>"; };
		71E280DD2148172A00FFEE78 /* Base */ = {isa = PBXFileReference; lastKnownFileType = file.storyboard; name = Base; path = Base.lproj/Main.storyboard; sourceTree = "<group>"; };
		71E280DF2148172A00FFEE78 /* Assets.xcassets */ = {isa = PBXFileReference; lastKnownFileType = folder.assetcatalog; path = Assets.xcassets; sourceTree = "<group>"; };
		71E280E22148172A00FFEE78 /* Base */ = {isa = PBXFileReference; lastKnownFileType = file.storyboard; name = Base; path = Base.lproj/LaunchScreen.storyboard; sourceTree = "<group>"; };
		71E280E42148172A00FFEE78 /* Info.plist */ = {isa = PBXFileReference; lastKnownFileType = text.plist.xml; path = Info.plist; sourceTree = "<group>"; };
		71E280E92148172A00FFEE78 /* EricMcCrackenPizzaNotificationTests.xctest */ = {isa = PBXFileReference; explicitFileType = wrapper.cfbundle; includeInIndex = 0; path = EricMcCrackenPizzaNotificationTests.xctest; sourceTree = BUILT_PRODUCTS_DIR; };
		71E280ED2148172A00FFEE78 /* EricMcCrackenPizzaNotificationTests.swift */ = {isa = PBXFileReference; lastKnownFileType = sourcecode.swift; path = EricMcCrackenPizzaNotificationTests.swift; sourceTree = "<group>"; };
		71E280EF2148172A00FFEE78 /* Info.plist */ = {isa = PBXFileReference; lastKnownFileType = text.plist.xml; path = Info.plist; sourceTree = "<group>"; };
/* End PBXFileReference section */

/* Begin PBXFrameworksBuildPhase section */
		71E280D22148172A00FFEE78 /* Frameworks */ = {
			isa = PBXFrameworksBuildPhase;
			buildActionMask = 2147483647;
			files = (
			);
			runOnlyForDeploymentPostprocessing = 0;
		};
		71E280E62148172A00FFEE78 /* Frameworks */ = {
			isa = PBXFrameworksBuildPhase;
			buildActionMask = 2147483647;
			files = (
			);
			runOnlyForDeploymentPostprocessing = 0;
		};
/* End PBXFrameworksBuildPhase section */

/* Begin PBXGroup section */
		71AEBA8B2148620200D6FF08 /* Notification Assets */ = {
			isa = PBXGroup;
			children = (
				71AEBA87214861F900D6FF08 /* EHuliUke.mp3 */,
				71AEBA88214861F900D6FF08 /* PizzaMovie.mp4 */,
				71AEBA8F214865F600D6FF08 /* MakePizza_0.gif */,
				71AEBA92214865F700D6FF08 /* MakePizza_0.jpg */,
				71AEBA8C214865F500D6FF08 /* MakePizza_1.jpg */,
				71AEBA8D214865F500D6FF08 /* MakePizza_2.jpg */,
				71AEBA90214865F600D6FF08 /* MakePizza_3.jpg */,
				71AEBA91214865F600D6FF08 /* MakePizza_4.jpg */,
				71AEBA8E214865F600D6FF08 /* MakePizza_5.jpg */,
				71AEBA93214865F700D6FF08 /* MakePizza_6.jpg */,
			);
			path = "Notification Assets";
			sourceTree = "<group>";
		};
		71E280CC2148172A00FFEE78 = {
			isa = PBXGroup;
			children = (
				71E280D72148172A00FFEE78 /* EricMcCrackenPizzaNotification */,
				71E280EC2148172A00FFEE78 /* EricMcCrackenPizzaNotificationTests */,
				71E280D62148172A00FFEE78 /* Products */,
			);
			sourceTree = "<group>";
		};
		71E280D62148172A00FFEE78 /* Products */ = {
			isa = PBXGroup;
			children = (
				71E280D52148172A00FFEE78 /* EricMcCrackenPizzaNotification.app */,
				71E280E92148172A00FFEE78 /* EricMcCrackenPizzaNotificationTests.xctest */,
			);
			name = Products;
			sourceTree = "<group>";
		};
		71E280D72148172A00FFEE78 /* EricMcCrackenPizzaNotification */ = {
			isa = PBXGroup;
			children = (
				71E280D82148172A00FFEE78 /* AppDelegate.swift */,
				71E280DA2148172A00FFEE78 /* ViewController.swift */,
				71AEBA8B2148620200D6FF08 /* Notification Assets */,
				71E280DC2148172A00FFEE78 /* Main.storyboard */,
				71E280DF2148172A00FFEE78 /* Assets.xcassets */,
				71E280E12148172A00FFEE78 /* LaunchScreen.storyboard */,
				71E280E42148172A00FFEE78 /* Info.plist */,
			);
			path = EricMcCrackenPizzaNotification;
			sourceTree = "<group>";
		};
		71E280EC2148172A00FFEE78 /* EricMcCrackenPizzaNotificationTests */ = {
			isa = PBXGroup;
			children = (
				71E280ED2148172A00FFEE78 /* EricMcCrackenPizzaNotificationTests.swift */,
				71E280EF2148172A00FFEE78 /* Info.plist */,
			);
			path = EricMcCrackenPizzaNotificationTests;
			sourceTree = "<group>";
		};
/* End PBXGroup section */

/* Begin PBXNativeTarget section */
		71E280D42148172A00FFEE78 /* EricMcCrackenPizzaNotification */ = {
			isa = PBXNativeTarget;
			buildConfigurationList = 71E280F22148172A00FFEE78 /* Build configuration list for PBXNativeTarget "EricMcCrackenPizzaNotification" */;
			buildPhases = (
				71E280D12148172A00FFEE78 /* Sources */,
				71E280D22148172A00FFEE78 /* Frameworks */,
				71E280D32148172A00FFEE78 /* Resources */,
			);
			buildRules = (
			);
			dependencies = (
			);
			name = EricMcCrackenPizzaNotification;
			productName = EricMcCrackenPizzaNotification;
			productReference = 71E280D52148172A00FFEE78 /* EricMcCrackenPizzaNotification.app */;
			productType = "com.apple.product-type.application";
		};
		71E280E82148172A00FFEE78 /* EricMcCrackenPizzaNotificationTests */ = {
			isa = PBXNativeTarget;
			buildConfigurationList = 71E280F52148172A00FFEE78 /* Build configuration list for PBXNativeTarget "EricMcCrackenPizzaNotificationTests" */;
			buildPhases = (
				71E280E52148172A00FFEE78 /* Sources */,
				71E280E62148172A00FFEE78 /* Frameworks */,
				71E280E72148172A00FFEE78 /* Resources */,
			);
			buildRules = (
			);
			dependencies = (
				71E280EB2148172A00FFEE78 /* PBXTargetDependency */,
			);
			name = EricMcCrackenPizzaNotificationTests;
			productName = EricMcCrackenPizzaNotificationTests;
			productReference = 71E280E92148172A00FFEE78 /* EricMcCrackenPizzaNotificationTests.xctest */;
			productType = "com.apple.product-type.bundle.unit-test";
		};
/* End PBXNativeTarget section */

/* Begin PBXProject section */
		71E280CD2148172A00FFEE78 /* Project object */ = {
			isa = PBXProject;
			attributes = {
				LastSwiftUpdateCheck = 0910;
				LastUpgradeCheck = 0910;
				ORGANIZATIONNAME = "Eric McCracken";
				TargetAttributes = {
					71E280D42148172A00FFEE78 = {
						CreatedOnToolsVersion = 9.1;
						ProvisioningStyle = Automatic;
					};
					71E280E82148172A00FFEE78 = {
						CreatedOnToolsVersion = 9.1;
						ProvisioningStyle = Automatic;
						TestTargetID = 71E280D42148172A00FFEE78;
					};
				};
			};
			buildConfigurationList = 71E280D02148172A00FFEE78 /* Build configuration list for PBXProject "EricMcCrackenPizzaNotification" */;
			compatibilityVersion = "Xcode 8.0";
			developmentRegion = en;
			hasScannedForEncodings = 0;
			knownRegions = (
				en,
				Base,
			);
			mainGroup = 71E280CC2148172A00FFEE78;
			productRefGroup = 71E280D62148172A00FFEE78 /* Products */;
			projectDirPath = "";
			projectRoot = "";
			targets = (
				71E280D42148172A00FFEE78 /* EricMcCrackenPizzaNotification */,
				71E280E82148172A00FFEE78 /* EricMcCrackenPizzaNotificationTests */,
			);
		};
/* End PBXProject section */

/* Begin PBXResourcesBuildPhase section */
		71E280D32148172A00FFEE78 /* Resources */ = {
			isa = PBXResourcesBuildPhase;
			buildActionMask = 2147483647;
			files = (
				71E280E32148172A00FFEE78 /* LaunchScreen.storyboard in Resources */,
				71AEBA9A214865F700D6FF08 /* MakePizza_0.jpg in Resources */,
				71AEBA8A214861F900D6FF08 /* PizzaMovie.mp4 in Resources */,
				71E280E02148172A00FFEE78 /* Assets.xcassets in Resources */,
				71AEBA95214865F700D6FF08 /* MakePizza_2.jpg in Resources */,
				71AEBA9B214865F700D6FF08 /* MakePizza_6.jpg in Resources */,
				71AEBA97214865F700D6FF08 /* MakePizza_0.gif in Resources */,
				71AEBA89214861F900D6FF08 /* EHuliUke.mp3 in Resources */,
				71AEBA98214865F700D6FF08 /* MakePizza_3.jpg in Resources */,
				71AEBA94214865F700D6FF08 /* MakePizza_1.jpg in Resources */,
				71AEBA99214865F700D6FF08 /* MakePizza_4.jpg in Resources */,
				71AEBA96214865F700D6FF08 /* MakePizza_5.jpg in Resources */,
				71E280DE2148172A00FFEE78 /* Main.storyboard in Resources */,
			);
			runOnlyForDeploymentPostprocessing = 0;
		};
		71E280E72148172A00FFEE78 /* Resources */ = {
			isa = PBXResourcesBuildPhase;
			buildActionMask = 2147483647;
			files = (
			);
			runOnlyForDeploymentPostprocessing = 0;
		};
/* End PBXResourcesBuildPhase section */

/* Begin PBXSourcesBuildPhase section */
		71E280D12148172A00FFEE78 /* Sources */ = {
			isa = PBXSourcesBuildPhase;
			buildActionMask = 2147483647;
			files = (
				71E280DB2148172A00FFEE78 /* ViewController.swift in Sources */,
				71E280D92148172A00FFEE78 /* AppDelegate.swift in Sources */,
			);
			runOnlyForDeploymentPostprocessing = 0;
		};
		71E280E52148172A00FFEE78 /* Sources */ = {
			isa = PBXSourcesBuildPhase;
			buildActionMask = 2147483647;
			files = (
				71E280EE2148172A00FFEE78 /* EricMcCrackenPizzaNotificationTests.swift in Sources */,
			);
			runOnlyForDeploymentPostprocessing = 0;
		};
/* End PBXSourcesBuildPhase section */

/* Begin PBXTargetDependency section */
		71E280EB2148172A00FFEE78 /* PBXTargetDependency */ = {
			isa = PBXTargetDependency;
			target = 71E280D42148172A00FFEE78 /* EricMcCrackenPizzaNotification */;
			targetProxy = 71E280EA2148172A00FFEE78 /* PBXContainerItemProxy */;
		};
/* End PBXTargetDependency section */

/* Begin PBXVariantGroup section */
		71E280DC2148172A00FFEE78 /* Main.storyboard */ = {
			isa = PBXVariantGroup;
			children = (
				71E280DD2148172A00FFEE78 /* Base */,
			);
			name = Main.storyboard;
			sourceTree = "<group>";
		};
		71E280E12148172A00FFEE78 /* LaunchScreen.storyboard */ = {
			isa = PBXVariantGroup;
			children = (
				71E280E22148172A00FFEE78 /* Base */,
			);
			name = LaunchScreen.storyboard;
			sourceTree = "<group>";
		};
/* End PBXVariantGroup section */

/* Begin XCBuildConfiguration section */
		71E280F02148172A00FFEE78 /* Debug */ = {
			isa = XCBuildConfiguration;
			buildSettings = {
				ALWAYS_SEARCH_USER_PATHS = NO;
				CLANG_ANALYZER_NONNULL = YES;
				CLANG_ANALYZER_NUMBER_OBJECT_CONVERSION = YES_AGGRESSIVE;
				CLANG_CXX_LANGUAGE_STANDARD = "gnu++14";
				CLANG_CXX_LIBRARY = "libc++";
				CLANG_ENABLE_MODULES = YES;
				CLANG_ENABLE_OBJC_ARC = YES;
				CLANG_WARN_BLOCK_CAPTURE_AUTORELEASING = YES;
				CLANG_WARN_BOOL_CONVERSION = YES;
				CLANG_WARN_COMMA = YES;
				CLANG_WARN_CONSTANT_CONVERSION = YES;
				CLANG_WARN_DIRECT_OBJC_ISA_USAGE = YES_ERROR;
				CLANG_WARN_DOCUMENTATION_COMMENTS = YES;
				CLANG_WARN_EMPTY_BODY = YES;
				CLANG_WARN_ENUM_CONVERSION = YES;
				CLANG_WARN_INFINITE_RECURSION = YES;
				CLANG_WARN_INT_CONVERSION = YES;
				CLANG_WARN_NON_LITERAL_NULL_CONVERSION = YES;
				CLANG_WARN_OBJC_LITERAL_CONVERSION = YES;
				CLANG_WARN_OBJC_ROOT_CLASS = YES_ERROR;
				CLANG_WARN_RANGE_LOOP_ANALYSIS = YES;
				CLANG_WARN_STRICT_PROTOTYPES = YES;
				CLANG_WARN_SUSPICIOUS_MOVE = YES;
				CLANG_WARN_UNGUARDED_AVAILABILITY = YES_AGGRESSIVE;
				CLANG_WARN_UNREACHABLE_CODE = YES;
				CLANG_WARN__DUPLICATE_METHOD_MATCH = YES;
				CODE_SIGN_IDENTITY = "iPhone Developer";
				COPY_PHASE_STRIP = NO;
				DEBUG_INFORMATION_FORMAT = dwarf;
				ENABLE_STRICT_OBJC_MSGSEND = YES;
				ENABLE_TESTABILITY = YES;
				GCC_C_LANGUAGE_STANDARD = gnu11;
				GCC_DYNAMIC_NO_PIC = NO;
				GCC_NO_COMMON_BLOCKS = YES;
				GCC_OPTIMIZATION_LEVEL = 0;
				GCC_PREPROCESSOR_DEFINITIONS = (
					"DEBUG=1",
					"$(inherited)",
				);
				GCC_WARN_64_TO_32_BIT_CONVERSION = YES;
				GCC_WARN_ABOUT_RETURN_TYPE = YES_ERROR;
				GCC_WARN_UNDECLARED_SELECTOR = YES;
				GCC_WARN_UNINITIALIZED_AUTOS = YES_AGGRESSIVE;
				GCC_WARN_UNUSED_FUNCTION = YES;
				GCC_WARN_UNUSED_VARIABLE = YES;
				IPHONEOS_DEPLOYMENT_TARGET = 11.1;
				MTL_ENABLE_DEBUG_INFO = YES;
				ONLY_ACTIVE_ARCH = YES;
				SDKROOT = iphoneos;
				SWIFT_ACTIVE_COMPILATION_CONDITIONS = DEBUG;
				SWIFT_OPTIMIZATION_LEVEL = "-Onone";
			};
			name = Debug;
		};
		71E280F12148172A00FFEE78 /* Release */ = {
			isa = XCBuildConfiguration;
			buildSettings = {
				ALWAYS_SEARCH_USER_PATHS = NO;
				CLANG_ANALYZER_NONNULL = YES;
				CLANG_ANALYZER_NUMBER_OBJECT_CONVERSION = YES_AGGRESSIVE;
				CLANG_CXX_LANGUAGE_STANDARD = "gnu++14";
				CLANG_CXX_LIBRARY = "libc++";
				CLANG_ENABLE_MODULES = YES;
				CLANG_ENABLE_OBJC_ARC = YES;
				CLANG_WARN_BLOCK_CAPTURE_AUTORELEASING = YES;
				CLANG_WARN_BOOL_CONVERSION = YES;
				CLANG_WARN_COMMA = YES;
				CLANG_WARN_CONSTANT_CONVERSION = YES;
				CLANG_WARN_DIRECT_OBJC_ISA_USAGE = YES_ERROR;
				CLANG_WARN_DOCUMENTATION_COMMENTS = YES;
				CLANG_WARN_EMPTY_BODY = YES;
				CLANG_WARN_ENUM_CONVERSION = YES;
				CLANG_WARN_INFINITE_RECURSION = YES;
				CLANG_WARN_INT_CONVERSION = YES;
				CLANG_WARN_NON_LITERAL_NULL_CONVERSION = YES;
				CLANG_WARN_OBJC_LITERAL_CONVERSION = YES;
				CLANG_WARN_OBJC_ROOT_CLASS = YES_ERROR;
				CLANG_WARN_RANGE_LOOP_ANALYSIS = YES;
				CLANG_WARN_STRICT_PROTOTYPES = YES;
				CLANG_WARN_SUSPICIOUS_MOVE = YES;
				CLANG_WARN_UNGUARDED_AVAILABILITY = YES_AGGRESSIVE;
				CLANG_WARN_UNREACHABLE_CODE = YES;
				CLANG_WARN__DUPLICATE_METHOD_MATCH = YES;
				CODE_SIGN_IDENTITY = "iPhone Developer";
				COPY_PHASE_STRIP = NO;
				DEBUG_INFORMATION_FORMAT = "dwarf-with-dsym";
				ENABLE_NS_ASSERTIONS = NO;
				ENABLE_STRICT_OBJC_MSGSEND = YES;
				GCC_C_LANGUAGE_STANDARD = gnu11;
				GCC_NO_COMMON_BLOCKS = YES;
				GCC_WARN_64_TO_32_BIT_CONVERSION = YES;
				GCC_WARN_ABOUT_RETURN_TYPE = YES_ERROR;
				GCC_WARN_UNDECLARED_SELECTOR = YES;
				GCC_WARN_UNINITIALIZED_AUTOS = YES_AGGRESSIVE;
				GCC_WARN_UNUSED_FUNCTION = YES;
				GCC_WARN_UNUSED_VARIABLE = YES;
				IPHONEOS_DEPLOYMENT_TARGET = 11.1;
				MTL_ENABLE_DEBUG_INFO = NO;
				SDKROOT = iphoneos;
				SWIFT_OPTIMIZATION_LEVEL = "-Owholemodule";
				VALIDATE_PRODUCT = YES;
			};
			name = Release;
		};
		71E280F32148172A00FFEE78 /* Debug */ = {
			isa = XCBuildConfiguration;
			buildSettings = {
				ASSETCATALOG_COMPILER_APPICON_NAME = AppIcon;
				CODE_SIGN_STYLE = Automatic;
				DEVELOPMENT_TEAM = 7CWP2R8678;
				INFOPLIST_FILE = EricMcCrackenPizzaNotification/Info.plist;
				LD_RUNPATH_SEARCH_PATHS = "$(inherited) @executable_path/Frameworks";
				PRODUCT_BUNDLE_IDENTIFIER = codemccracken.EricMcCrackenPizzaNotification;
				PRODUCT_NAME = "$(TARGET_NAME)";
				SWIFT_VERSION = 4.0;
				TARGETED_DEVICE_FAMILY = "1,2";
			};
			name = Debug;
		};
		71E280F42148172A00FFEE78 /* Release */ = {
			isa = XCBuildConfiguration;
			buildSettings = {
				ASSETCATALOG_COMPILER_APPICON_NAME = AppIcon;
				CODE_SIGN_STYLE = Automatic;
				DEVELOPMENT_TEAM = 7CWP2R8678;
				INFOPLIST_FILE = EricMcCrackenPizzaNotification/Info.plist;
				LD_RUNPATH_SEARCH_PATHS = "$(inherited) @executable_path/Frameworks";
				PRODUCT_BUNDLE_IDENTIFIER = codemccracken.EricMcCrackenPizzaNotification;
				PRODUCT_NAME = "$(TARGET_NAME)";
				SWIFT_VERSION = 4.0;
				TARGETED_DEVICE_FAMILY = "1,2";
			};
			name = Release;
		};
		71E280F62148172A00FFEE78 /* Debug */ = {
			isa = XCBuildConfiguration;
			buildSettings = {
				ALWAYS_EMBED_SWIFT_STANDARD_LIBRARIES = YES;
				BUNDLE_LOADER = "$(TEST_HOST)";
				CODE_SIGN_STYLE = Automatic;
				DEVELOPMENT_TEAM = 7CWP2R8678;
				INFOPLIST_FILE = EricMcCrackenPizzaNotificationTests/Info.plist;
				LD_RUNPATH_SEARCH_PATHS = "$(inherited) @executable_path/Frameworks @loader_path/Frameworks";
				PRODUCT_BUNDLE_IDENTIFIER = codemccracken.EricMcCrackenPizzaNotificationTests;
				PRODUCT_NAME = "$(TARGET_NAME)";
				SWIFT_VERSION = 4.0;
				TARGETED_DEVICE_FAMILY = "1,2";
				TEST_HOST = "$(BUILT_PRODUCTS_DIR)/EricMcCrackenPizzaNotification.app/EricMcCrackenPizzaNotification";
			};
			name = Debug;
		};
		71E280F72148172A00FFEE78 /* Release */ = {
			isa = XCBuildConfiguration;
			buildSettings = {
				ALWAYS_EMBED_SWIFT_STANDARD_LIBRARIES = YES;
				BUNDLE_LOADER = "$(TEST_HOST)";
				CODE_SIGN_STYLE = Automatic;
				DEVELOPMENT_TEAM = 7CWP2R8678;
				INFOPLIST_FILE = EricMcCrackenPizzaNotificationTests/Info.plist;
				LD_RUNPATH_SEARCH_PATHS = "$(inherited) @executable_path/Frameworks @loader_path/Frameworks";
				PRODUCT_BUNDLE_IDENTIFIER = codemccracken.EricMcCrackenPizzaNotificationTests;
				PRODUCT_NAME = "$(TARGET_NAME)";
				SWIFT_VERSION = 4.0;
				TARGETED_DEVICE_FAMILY = "1,2";
				TEST_HOST = "$(BUILT_PRODUCTS_DIR)/EricMcCrackenPizzaNotification.app/EricMcCrackenPizzaNotification";
			};
			name = Release;
		};
/* End XCBuildConfiguration section */

/* Begin XCConfigurationList section */
		71E280D02148172A00FFEE78 /* Build configuration list for PBXProject "EricMcCrackenPizzaNotification" */ = {
			isa = XCConfigurationList;
			buildConfigurations = (
				71E280F02148172A00FFEE78 /* Debug */,
				71E280F12148172A00FFEE78 /* Release */,
			);
			defaultConfigurationIsVisible = 0;
			defaultConfigurationName = Release;
		};
		71E280F22148172A00FFEE78 /* Build configuration list for PBXNativeTarget "EricMcCrackenPizzaNotification" */ = {
			isa = XCConfigurationList;
			buildConfigurations = (
				71E280F32148172A00FFEE78 /* Debug */,
				71E280F42148172A00FFEE78 /* Release */,
			);
			defaultConfigurationIsVisible = 0;
			defaultConfigurationName = Release;
		};
		71E280F52148172A00FFEE78 /* Build configuration list for PBXNativeTarget "EricMcCrackenPizzaNotificationTests" */ = {
			isa = XCConfigurationList;
			buildConfigurations = (
				71E280F62148172A00FFEE78 /* Debug */,
				71E280F72148172A00FFEE78 /* Release */,
			);
			defaultConfigurationIsVisible = 0;
			defaultConfigurationName = Release;
		};
/* End XCConfigurationList section */
	};
	rootObject = 71E280CD2148172A00FFEE78 /* Project object */;
}
