// !$*UTF8*$!
{
	archiveVersion = 1;
	classes = {
	};
	objectVersion = 50;
	objects = {

/* Begin PBXBuildFile section */
		71379864218253A4004739A3 /* EditItemViewController.swift in Sources */ = {isa = PBXBuildFile; fileRef = 71379863218253A4004739A3 /* EditItemViewController.swift */; };
		713FFD5E21864803000F7DB9 /* EditModelViewController.swift in Sources */ = {isa = PBXBuildFile; fileRef = 713FFD5D21864803000F7DB9 /* EditModelViewController.swift */; };
		71670DED217A43DC0085F71F /* AddItemViewController.swift in Sources */ = {isa = PBXBuildFile; fileRef = 71670DEC217A43DC0085F71F /* AddItemViewController.swift */; };
		7169C5FE2185128A00B6BA22 /* ModelListViewController.swift in Sources */ = {isa = PBXBuildFile; fileRef = 7169C5FD2185128A00B6BA22 /* ModelListViewController.swift */; };
		7169C6002185164F00B6BA22 /* Model.swift in Sources */ = {isa = PBXBuildFile; fileRef = 7169C5FF2185164F00B6BA22 /* Model.swift */; };
		7169C6022185545600B6BA22 /* AddModelViewController.swift in Sources */ = {isa = PBXBuildFile; fileRef = 7169C6012185545600B6BA22 /* AddModelViewController.swift */; };
		7171917D2177D83A0002FFA8 /* AppDelegate.swift in Sources */ = {isa = PBXBuildFile; fileRef = 7171917C2177D83A0002FFA8 /* AppDelegate.swift */; };
		7171917F2177D83A0002FFA8 /* ViewController.swift in Sources */ = {isa = PBXBuildFile; fileRef = 7171917E2177D83A0002FFA8 /* ViewController.swift */; };
		717191822177D83A0002FFA8 /* Main.storyboard in Resources */ = {isa = PBXBuildFile; fileRef = 717191802177D83A0002FFA8 /* Main.storyboard */; };
		717191842177D83B0002FFA8 /* Assets.xcassets in Resources */ = {isa = PBXBuildFile; fileRef = 717191832177D83B0002FFA8 /* Assets.xcassets */; };
		717191872177D83B0002FFA8 /* LaunchScreen.storyboard in Resources */ = {isa = PBXBuildFile; fileRef = 717191852177D83B0002FFA8 /* LaunchScreen.storyboard */; };
		7171918F2177D8BA0002FFA8 /* ItemListViewController.swift in Sources */ = {isa = PBXBuildFile; fileRef = 7171918E2177D8BA0002FFA8 /* ItemListViewController.swift */; };
		717191912177DAB80002FFA8 /* Item.swift in Sources */ = {isa = PBXBuildFile; fileRef = 717191902177DAB80002FFA8 /* Item.swift */; };
/* End PBXBuildFile section */

/* Begin PBXFileReference section */
		71379863218253A4004739A3 /* EditItemViewController.swift */ = {isa = PBXFileReference; lastKnownFileType = sourcecode.swift; path = EditItemViewController.swift; sourceTree = "<group>"; };
		713FFD5D21864803000F7DB9 /* EditModelViewController.swift */ = {isa = PBXFileReference; lastKnownFileType = sourcecode.swift; path = EditModelViewController.swift; sourceTree = "<group>"; };
		71670DEC217A43DC0085F71F /* AddItemViewController.swift */ = {isa = PBXFileReference; lastKnownFileType = sourcecode.swift; path = AddItemViewController.swift; sourceTree = "<group>"; };
		7169C5FD2185128A00B6BA22 /* ModelListViewController.swift */ = {isa = PBXFileReference; lastKnownFileType = sourcecode.swift; path = ModelListViewController.swift; sourceTree = "<group>"; };
		7169C5FF2185164F00B6BA22 /* Model.swift */ = {isa = PBXFileReference; lastKnownFileType = sourcecode.swift; path = Model.swift; sourceTree = "<group>"; };
		7169C6012185545600B6BA22 /* AddModelViewController.swift */ = {isa = PBXFileReference; lastKnownFileType = sourcecode.swift; path = AddModelViewController.swift; sourceTree = "<group>"; };
		717191792177D83A0002FFA8 /* MusterPointTest1.app */ = {isa = PBXFileReference; explicitFileType = wrapper.application; includeInIndex = 0; path = MusterPointTest1.app; sourceTree = BUILT_PRODUCTS_DIR; };
		7171917C2177D83A0002FFA8 /* AppDelegate.swift */ = {isa = PBXFileReference; lastKnownFileType = sourcecode.swift; path = AppDelegate.swift; sourceTree = "<group>"; };
		7171917E2177D83A0002FFA8 /* ViewController.swift */ = {isa = PBXFileReference; lastKnownFileType = sourcecode.swift; path = ViewController.swift; sourceTree = "<group>"; };
		717191812177D83A0002FFA8 /* Base */ = {isa = PBXFileReference; lastKnownFileType = file.storyboard; name = Base; path = Base.lproj/Main.storyboard; sourceTree = "<group>"; };
		717191832177D83B0002FFA8 /* Assets.xcassets */ = {isa = PBXFileReference; lastKnownFileType = folder.assetcatalog; path = Assets.xcassets; sourceTree = "<group>"; };
		717191862177D83B0002FFA8 /* Base */ = {isa = PBXFileReference; lastKnownFileType = file.storyboard; name = Base; path = Base.lproj/LaunchScreen.storyboard; sourceTree = "<group>"; };
		717191882177D83B0002FFA8 /* Info.plist */ = {isa = PBXFileReference; lastKnownFileType = text.plist.xml; path = Info.plist; sourceTree = "<group>"; };
		7171918E2177D8BA0002FFA8 /* ItemListViewController.swift */ = {isa = PBXFileReference; lastKnownFileType = sourcecode.swift; path = ItemListViewController.swift; sourceTree = "<group>"; };
		717191902177DAB80002FFA8 /* Item.swift */ = {isa = PBXFileReference; lastKnownFileType = sourcecode.swift; path = Item.swift; sourceTree = "<group>"; };
/* End PBXFileReference section */

/* Begin PBXFrameworksBuildPhase section */
		717191762177D83A0002FFA8 /* Frameworks */ = {
			isa = PBXFrameworksBuildPhase;
			buildActionMask = 2147483647;
			files = (
			);
			runOnlyForDeploymentPostprocessing = 0;
		};
/* End PBXFrameworksBuildPhase section */

/* Begin PBXGroup section */
		717191702177D83A0002FFA8 = {
			isa = PBXGroup;
			children = (
				7171917B2177D83A0002FFA8 /* MusterPointTest1 */,
				7171917A2177D83A0002FFA8 /* Products */,
			);
			sourceTree = "<group>";
		};
		7171917A2177D83A0002FFA8 /* Products */ = {
			isa = PBXGroup;
			children = (
				717191792177D83A0002FFA8 /* MusterPointTest1.app */,
			);
			name = Products;
			sourceTree = "<group>";
		};
		7171917B2177D83A0002FFA8 /* MusterPointTest1 */ = {
			isa = PBXGroup;
			children = (
				7171917C2177D83A0002FFA8 /* AppDelegate.swift */,
				7171917E2177D83A0002FFA8 /* ViewController.swift */,
				7171918E2177D8BA0002FFA8 /* ItemListViewController.swift */,
				71670DEC217A43DC0085F71F /* AddItemViewController.swift */,
				71379863218253A4004739A3 /* EditItemViewController.swift */,
				7169C5FD2185128A00B6BA22 /* ModelListViewController.swift */,
				7169C6012185545600B6BA22 /* AddModelViewController.swift */,
				713FFD5D21864803000F7DB9 /* EditModelViewController.swift */,
				717191802177D83A0002FFA8 /* Main.storyboard */,
				717191902177DAB80002FFA8 /* Item.swift */,
				7169C5FF2185164F00B6BA22 /* Model.swift */,
				717191832177D83B0002FFA8 /* Assets.xcassets */,
				717191852177D83B0002FFA8 /* LaunchScreen.storyboard */,
				717191882177D83B0002FFA8 /* Info.plist */,
			);
			path = MusterPointTest1;
			sourceTree = "<group>";
		};
/* End PBXGroup section */

/* Begin PBXNativeTarget section */
		717191782177D83A0002FFA8 /* MusterPointTest1 */ = {
			isa = PBXNativeTarget;
			buildConfigurationList = 7171918B2177D83B0002FFA8 /* Build configuration list for PBXNativeTarget "MusterPointTest1" */;
			buildPhases = (
				717191752177D83A0002FFA8 /* Sources */,
				717191762177D83A0002FFA8 /* Frameworks */,
				717191772177D83A0002FFA8 /* Resources */,
			);
			buildRules = (
			);
			dependencies = (
			);
			name = MusterPointTest1;
			productName = MusterPointTest1;
			productReference = 717191792177D83A0002FFA8 /* MusterPointTest1.app */;
			productType = "com.apple.product-type.application";
		};
/* End PBXNativeTarget section */

/* Begin PBXProject section */
		717191712177D83A0002FFA8 /* Project object */ = {
			isa = PBXProject;
			attributes = {
				LastSwiftUpdateCheck = 1000;
				LastUpgradeCheck = 1000;
				ORGANIZATIONNAME = "Eric McCracken";
				TargetAttributes = {
					717191782177D83A0002FFA8 = {
						CreatedOnToolsVersion = 10.0;
					};
				};
			};
			buildConfigurationList = 717191742177D83A0002FFA8 /* Build configuration list for PBXProject "MusterPointTest1" */;
			compatibilityVersion = "Xcode 9.3";
			developmentRegion = en;
			hasScannedForEncodings = 0;
			knownRegions = (
				en,
				Base,
			);
			mainGroup = 717191702177D83A0002FFA8;
			productRefGroup = 7171917A2177D83A0002FFA8 /* Products */;
			projectDirPath = "";
			projectRoot = "";
			targets = (
				717191782177D83A0002FFA8 /* MusterPointTest1 */,
			);
		};
/* End PBXProject section */

/* Begin PBXResourcesBuildPhase section */
		717191772177D83A0002FFA8 /* Resources */ = {
			isa = PBXResourcesBuildPhase;
			buildActionMask = 2147483647;
			files = (
				717191872177D83B0002FFA8 /* LaunchScreen.storyboard in Resources */,
				717191842177D83B0002FFA8 /* Assets.xcassets in Resources */,
				717191822177D83A0002FFA8 /* Main.storyboard in Resources */,
			);
			runOnlyForDeploymentPostprocessing = 0;
		};
/* End PBXResourcesBuildPhase section */

/* Begin PBXSourcesBuildPhase section */
		717191752177D83A0002FFA8 /* Sources */ = {
			isa = PBXSourcesBuildPhase;
			buildActionMask = 2147483647;
			files = (
				7169C6022185545600B6BA22 /* AddModelViewController.swift in Sources */,
				71670DED217A43DC0085F71F /* AddItemViewController.swift in Sources */,
				7169C5FE2185128A00B6BA22 /* ModelListViewController.swift in Sources */,
				71379864218253A4004739A3 /* EditItemViewController.swift in Sources */,
				717191912177DAB80002FFA8 /* Item.swift in Sources */,
				7171918F2177D8BA0002FFA8 /* ItemListViewController.swift in Sources */,
				713FFD5E21864803000F7DB9 /* EditModelViewController.swift in Sources */,
				7171917F2177D83A0002FFA8 /* ViewController.swift in Sources */,
				7171917D2177D83A0002FFA8 /* AppDelegate.swift in Sources */,
				7169C6002185164F00B6BA22 /* Model.swift in Sources */,
			);
			runOnlyForDeploymentPostprocessing = 0;
		};
/* End PBXSourcesBuildPhase section */

/* Begin PBXVariantGroup section */
		717191802177D83A0002FFA8 /* Main.storyboard */ = {
			isa = PBXVariantGroup;
			children = (
				717191812177D83A0002FFA8 /* Base */,
			);
			name = Main.storyboard;
			sourceTree = "<group>";
		};
		717191852177D83B0002FFA8 /* LaunchScreen.storyboard */ = {
			isa = PBXVariantGroup;
			children = (
				717191862177D83B0002FFA8 /* Base */,
			);
			name = LaunchScreen.storyboard;
			sourceTree = "<group>";
		};
/* End PBXVariantGroup section */

/* Begin XCBuildConfiguration section */
		717191892177D83B0002FFA8 /* Debug */ = {
			isa = XCBuildConfiguration;
			buildSettings = {
				ALWAYS_SEARCH_USER_PATHS = NO;
				CLANG_ANALYZER_NONNULL = YES;
				CLANG_ANALYZER_NUMBER_OBJECT_CONVERSION = YES_AGGRESSIVE;
				CLANG_CXX_LANGUAGE_STANDARD = "gnu++14";
				CLANG_CXX_LIBRARY = "libc++";
				CLANG_ENABLE_MODULES = YES;
				CLANG_ENABLE_OBJC_ARC = YES;
				CLANG_ENABLE_OBJC_WEAK = YES;
				CLANG_WARN_BLOCK_CAPTURE_AUTORELEASING = YES;
				CLANG_WARN_BOOL_CONVERSION = YES;
				CLANG_WARN_COMMA = YES;
				CLANG_WARN_CONSTANT_CONVERSION = YES;
				CLANG_WARN_DEPRECATED_OBJC_IMPLEMENTATIONS = YES;
				CLANG_WARN_DIRECT_OBJC_ISA_USAGE = YES_ERROR;
				CLANG_WARN_DOCUMENTATION_COMMENTS = YES;
				CLANG_WARN_EMPTY_BODY = YES;
				CLANG_WARN_ENUM_CONVERSION = YES;
				CLANG_WARN_INFINITE_RECURSION = YES;
				CLANG_WARN_INT_CONVERSION = YES;
				CLANG_WARN_NON_LITERAL_NULL_CONVERSION = YES;
				CLANG_WARN_OBJC_IMPLICIT_RETAIN_SELF = YES;
				CLANG_WARN_OBJC_LITERAL_CONVERSION = YES;
				CLANG_WARN_OBJC_ROOT_CLASS = YES_ERROR;
				CLANG_WARN_RANGE_LOOP_ANALYSIS = YES;
				CLANG_WARN_STRICT_PROTOTYPES = YES;
				CLANG_WARN_SUSPICIOUS_MOVE = YES;
				CLANG_WARN_UNGUARDED_AVAILABILITY = YES_AGGRESSIVE;
				CLANG_WARN_UNREACHABLE_CODE = YES;
				CLANG_WARN__DUPLICATE_METHOD_MATCH = YES;
				CODE_SIGN_IDENTITY = "iPhone Developer";
				COPY_PHASE_STRIP = NO;
				DEBUG_INFORMATION_FORMAT = dwarf;
				ENABLE_STRICT_OBJC_MSGSEND = YES;
				ENABLE_TESTABILITY = YES;
				GCC_C_LANGUAGE_STANDARD = gnu11;
				GCC_DYNAMIC_NO_PIC = NO;
				GCC_NO_COMMON_BLOCKS = YES;
				GCC_OPTIMIZATION_LEVEL = 0;
				GCC_PREPROCESSOR_DEFINITIONS = (
					"DEBUG=1",
					"$(inherited)",
				);
				GCC_WARN_64_TO_32_BIT_CONVERSION = YES;
				GCC_WARN_ABOUT_RETURN_TYPE = YES_ERROR;
				GCC_WARN_UNDECLARED_SELECTOR = YES;
				GCC_WARN_UNINITIALIZED_AUTOS = YES_AGGRESSIVE;
				GCC_WARN_UNUSED_FUNCTION = YES;
				GCC_WARN_UNUSED_VARIABLE = YES;
				IPHONEOS_DEPLOYMENT_TARGET = 12.0;
				MTL_ENABLE_DEBUG_INFO = INCLUDE_SOURCE;
				MTL_FAST_MATH = YES;
				ONLY_ACTIVE_ARCH = YES;
				SDKROOT = iphoneos;
				SWIFT_ACTIVE_COMPILATION_CONDITIONS = DEBUG;
				SWIFT_OPTIMIZATION_LEVEL = "-Onone";
			};
			name = Debug;
		};
		7171918A2177D83B0002FFA8 /* Release */ = {
			isa = XCBuildConfiguration;
			buildSettings = {
				ALWAYS_SEARCH_USER_PATHS = NO;
				CLANG_ANALYZER_NONNULL = YES;
				CLANG_ANALYZER_NUMBER_OBJECT_CONVERSION = YES_AGGRESSIVE;
				CLANG_CXX_LANGUAGE_STANDARD = "gnu++14";
				CLANG_CXX_LIBRARY = "libc++";
				CLANG_ENABLE_MODULES = YES;
				CLANG_ENABLE_OBJC_ARC = YES;
				CLANG_ENABLE_OBJC_WEAK = YES;
				CLANG_WARN_BLOCK_CAPTURE_AUTORELEASING = YES;
				CLANG_WARN_BOOL_CONVERSION = YES;
				CLANG_WARN_COMMA = YES;
				CLANG_WARN_CONSTANT_CONVERSION = YES;
				CLANG_WARN_DEPRECATED_OBJC_IMPLEMENTATIONS = YES;
				CLANG_WARN_DIRECT_OBJC_ISA_USAGE = YES_ERROR;
				CLANG_WARN_DOCUMENTATION_COMMENTS = YES;
				CLANG_WARN_EMPTY_BODY = YES;
				CLANG_WARN_ENUM_CONVERSION = YES;
				CLANG_WARN_INFINITE_RECURSION = YES;
				CLANG_WARN_INT_CONVERSION = YES;
				CLANG_WARN_NON_LITERAL_NULL_CONVERSION = YES;
				CLANG_WARN_OBJC_IMPLICIT_RETAIN_SELF = YES;
				CLANG_WARN_OBJC_LITERAL_CONVERSION = YES;
				CLANG_WARN_OBJC_ROOT_CLASS = YES_ERROR;
				CLANG_WARN_RANGE_LOOP_ANALYSIS = YES;
				CLANG_WARN_STRICT_PROTOTYPES = YES;
				CLANG_WARN_SUSPICIOUS_MOVE = YES;
				CLANG_WARN_UNGUARDED_AVAILABILITY = YES_AGGRESSIVE;
				CLANG_WARN_UNREACHABLE_CODE = YES;
				CLANG_WARN__DUPLICATE_METHOD_MATCH = YES;
				CODE_SIGN_IDENTITY = "iPhone Developer";
				COPY_PHASE_STRIP = NO;
				DEBUG_INFORMATION_FORMAT = "dwarf-with-dsym";
				ENABLE_NS_ASSERTIONS = NO;
				ENABLE_STRICT_OBJC_MSGSEND = YES;
				GCC_C_LANGUAGE_STANDARD = gnu11;
				GCC_NO_COMMON_BLOCKS = YES;
				GCC_WARN_64_TO_32_BIT_CONVERSION = YES;
				GCC_WARN_ABOUT_RETURN_TYPE = YES_ERROR;
				GCC_WARN_UNDECLARED_SELECTOR = YES;
				GCC_WARN_UNINITIALIZED_AUTOS = YES_AGGRESSIVE;
				GCC_WARN_UNUSED_FUNCTION = YES;
				GCC_WARN_UNUSED_VARIABLE = YES;
				IPHONEOS_DEPLOYMENT_TARGET = 12.0;
				MTL_ENABLE_DEBUG_INFO = NO;
				MTL_FAST_MATH = YES;
				SDKROOT = iphoneos;
				SWIFT_COMPILATION_MODE = wholemodule;
				SWIFT_OPTIMIZATION_LEVEL = "-O";
				VALIDATE_PRODUCT = YES;
			};
			name = Release;
		};
		7171918C2177D83B0002FFA8 /* Debug */ = {
			isa = XCBuildConfiguration;
			buildSettings = {
				ASSETCATALOG_COMPILER_APPICON_NAME = AppIcon;
				CODE_SIGN_STYLE = Automatic;
				DEVELOPMENT_TEAM = 7CWP2R8678;
				INFOPLIST_FILE = MusterPointTest1/Info.plist;
				LD_RUNPATH_SEARCH_PATHS = (
					"$(inherited)",
					"@executable_path/Frameworks",
				);
				PRODUCT_BUNDLE_IDENTIFIER = codemccracken.MusterPointTest1;
				PRODUCT_NAME = "$(TARGET_NAME)";
				SWIFT_VERSION = 4.2;
				TARGETED_DEVICE_FAMILY = "1,2";
			};
			name = Debug;
		};
		7171918D2177D83B0002FFA8 /* Release */ = {
			isa = XCBuildConfiguration;
			buildSettings = {
				ASSETCATALOG_COMPILER_APPICON_NAME = AppIcon;
				CODE_SIGN_STYLE = Automatic;
				DEVELOPMENT_TEAM = 7CWP2R8678;
				INFOPLIST_FILE = MusterPointTest1/Info.plist;
				LD_RUNPATH_SEARCH_PATHS = (
					"$(inherited)",
					"@executable_path/Frameworks",
				);
				PRODUCT_BUNDLE_IDENTIFIER = codemccracken.MusterPointTest1;
				PRODUCT_NAME = "$(TARGET_NAME)";
				SWIFT_VERSION = 4.2;
				TARGETED_DEVICE_FAMILY = "1,2";
			};
			name = Release;
		};
/* End XCBuildConfiguration section */

/* Begin XCConfigurationList section */
		717191742177D83A0002FFA8 /* Build configuration list for PBXProject "MusterPointTest1" */ = {
			isa = XCConfigurationList;
			buildConfigurations = (
				717191892177D83B0002FFA8 /* Debug */,
				7171918A2177D83B0002FFA8 /* Release */,
			);
			defaultConfigurationIsVisible = 0;
			defaultConfigurationName = Release;
		};
		7171918B2177D83B0002FFA8 /* Build configuration list for PBXNativeTarget "MusterPointTest1" */ = {
			isa = XCConfigurationList;
			buildConfigurations = (
				7171918C2177D83B0002FFA8 /* Debug */,
				7171918D2177D83B0002FFA8 /* Release */,
			);
			defaultConfigurationIsVisible = 0;
			defaultConfigurationName = Release;
		};
/* End XCConfigurationList section */
	};
	rootObject = 717191712177D83A0002FFA8 /* Project object */;
}
